// !$*UTF8*$!
{
	archiveVersion = 1;
	classes = {
	};
	objectVersion = 77;
	objects = {

/* Begin PBXBuildFile section */
		9C1482012E690DE800C711B3 /* Localizable.xcstrings in Resources */ = {isa = PBXBuildFile; fileRef = 9C1482002E690DE800C711B3 /* Localizable.xcstrings */; };
		9C1482022E690DE800C711B3 /* Localizable.xcstrings in Resources */ = {isa = PBXBuildFile; fileRef = 9C1482002E690DE800C711B3 /* Localizable.xcstrings */; };
/* End PBXBuildFile section */

/* Begin PBXContainerItemProxy section */
		9C61B2FD2D585E5E0081E239 /* PBXContainerItemProxy */ = {
			isa = PBXContainerItemProxy;
			containerPortal = 9C61B2E42D585E5D0081E239 /* Project object */;
			proxyType = 1;
			remoteGlobalIDString = 9C61B2EB2D585E5D0081E239;
			remoteInfo = QiitaReader;
		};
		9C61B3072D585E5E0081E239 /* PBXContainerItemProxy */ = {
			isa = PBXContainerItemProxy;
			containerPortal = 9C61B2E42D585E5D0081E239 /* Project object */;
			proxyType = 1;
			remoteGlobalIDString = 9C61B2EB2D585E5D0081E239;
			remoteInfo = QiitaReader;
		};
/* End PBXContainerItemProxy section */

/* Begin PBXFileReference section */
		9C1482002E690DE800C711B3 /* Localizable.xcstrings */ = {isa = PBXFileReference; lastKnownFileType = text.json.xcstrings; path = Localizable.xcstrings; sourceTree = "<group>"; };
		9C61B2EC2D585E5D0081E239 /* QiitaReader.app */ = {isa = PBXFileReference; explicitFileType = wrapper.application; includeInIndex = 0; path = QiitaReader.app; sourceTree = BUILT_PRODUCTS_DIR; };
		9C61B2FC2D585E5E0081E239 /* QiitaReaderTests.xctest */ = {isa = PBXFileReference; explicitFileType = wrapper.cfbundle; includeInIndex = 0; path = QiitaReaderTests.xctest; sourceTree = BUILT_PRODUCTS_DIR; };
		9C61B3062D585E5E0081E239 /* QiitaReaderUITests.xctest */ = {isa = PBXFileReference; explicitFileType = wrapper.cfbundle; includeInIndex = 0; path = QiitaReaderUITests.xctest; sourceTree = BUILT_PRODUCTS_DIR; };
/* End PBXFileReference section */

/* Begin PBXFileSystemSynchronizedBuildFileExceptionSet section */
		9CC549922DDA1C0E006CCAB0 /* Exceptions for "QiitaReader" folder in "QiitaReader" target */ = {
			isa = PBXFileSystemSynchronizedBuildFileExceptionSet;
			membershipExceptions = (
				Info.plist,
			);
			target = 9C61B2EB2D585E5D0081E239 /* QiitaReader */;
		};
/* End PBXFileSystemSynchronizedBuildFileExceptionSet section */

/* Begin PBXFileSystemSynchronizedRootGroup section */
		9C61B2EE2D585E5D0081E239 /* QiitaReader */ = {
			isa = PBXFileSystemSynchronizedRootGroup;
			exceptions = (
				9CC549922DDA1C0E006CCAB0 /* Exceptions for "QiitaReader" folder in "QiitaReader" target */,
			);
			path = QiitaReader;
			sourceTree = "<group>";
		};
		9C61B2FF2D585E5E0081E239 /* QiitaReaderTests */ = {
			isa = PBXFileSystemSynchronizedRootGroup;
			path = QiitaReaderTests;
			sourceTree = "<group>";
		};
		9C61B3092D585E5E0081E239 /* QiitaReaderUITests */ = {
			isa = PBXFileSystemSynchronizedRootGroup;
			path = QiitaReaderUITests;
			sourceTree = "<group>";
		};
		9CAE73DC2D85797800F418B8 /* Shared */ = {
			isa = PBXFileSystemSynchronizedRootGroup;
			path = Shared;
			sourceTree = "<group>";
		};
/* End PBXFileSystemSynchronizedRootGroup section */

/* Begin PBXFrameworksBuildPhase section */
		9C61B2E92D585E5D0081E239 /* Frameworks */ = {
			isa = PBXFrameworksBuildPhase;
			buildActionMask = 2147483647;
			files = (
			);
			runOnlyForDeploymentPostprocessing = 0;
		};
		9C61B2F92D585E5E0081E239 /* Frameworks */ = {
			isa = PBXFrameworksBuildPhase;
			buildActionMask = 2147483647;
			files = (
			);
			runOnlyForDeploymentPostprocessing = 0;
		};
		9C61B3032D585E5E0081E239 /* Frameworks */ = {
			isa = PBXFrameworksBuildPhase;
			buildActionMask = 2147483647;
			files = (
			);
			runOnlyForDeploymentPostprocessing = 0;
		};
/* End PBXFrameworksBuildPhase section */

/* Begin PBXGroup section */
		9C61B2E32D585E5D0081E239 = {
			isa = PBXGroup;
			children = (
				9C1482002E690DE800C711B3 /* Localizable.xcstrings */,
				9CAE73DC2D85797800F418B8 /* Shared */,
				9C61B2EE2D585E5D0081E239 /* QiitaReader */,
				9C61B2FF2D585E5E0081E239 /* QiitaReaderTests */,
				9C61B3092D585E5E0081E239 /* QiitaReaderUITests */,
				9C61B2ED2D585E5D0081E239 /* Products */,
			);
			sourceTree = "<group>";
		};
		9C61B2ED2D585E5D0081E239 /* Products */ = {
			isa = PBXGroup;
			children = (
				9C61B2EC2D585E5D0081E239 /* QiitaReader.app */,
				9C61B2FC2D585E5E0081E239 /* QiitaReaderTests.xctest */,
				9C61B3062D585E5E0081E239 /* QiitaReaderUITests.xctest */,
			);
			name = Products;
			sourceTree = "<group>";
		};
/* End PBXGroup section */

/* Begin PBXNativeTarget section */
		9C61B2EB2D585E5D0081E239 /* QiitaReader */ = {
			isa = PBXNativeTarget;
			buildConfigurationList = 9C61B3102D585E5E0081E239 /* Build configuration list for PBXNativeTarget "QiitaReader" */;
			buildPhases = (
				9C61B2E82D585E5D0081E239 /* Sources */,
				9C61B2E92D585E5D0081E239 /* Frameworks */,
				9C61B2EA2D585E5D0081E239 /* Resources */,
			);
			buildRules = (
			);
			dependencies = (
			);
			fileSystemSynchronizedGroups = (
				9C61B2EE2D585E5D0081E239 /* QiitaReader */,
				9CAE73DC2D85797800F418B8 /* Shared */,
			);
			name = QiitaReader;
			packageProductDependencies = (
			);
			productName = QiitaReader;
			productReference = 9C61B2EC2D585E5D0081E239 /* QiitaReader.app */;
			productType = "com.apple.product-type.application";
		};
		9C61B2FB2D585E5E0081E239 /* QiitaReaderTests */ = {
			isa = PBXNativeTarget;
			buildConfigurationList = 9C61B3132D585E5E0081E239 /* Build configuration list for PBXNativeTarget "QiitaReaderTests" */;
			buildPhases = (
				9C61B2F82D585E5E0081E239 /* Sources */,
				9C61B2F92D585E5E0081E239 /* Frameworks */,
				9C61B2FA2D585E5E0081E239 /* Resources */,
			);
			buildRules = (
			);
			dependencies = (
				9C61B2FE2D585E5E0081E239 /* PBXTargetDependency */,
			);
			fileSystemSynchronizedGroups = (
				9C61B2FF2D585E5E0081E239 /* QiitaReaderTests */,
			);
			name = QiitaReaderTests;
			packageProductDependencies = (
			);
			productName = QiitaReaderTests;
			productReference = 9C61B2FC2D585E5E0081E239 /* QiitaReaderTests.xctest */;
			productType = "com.apple.product-type.bundle.unit-test";
		};
		9C61B3052D585E5E0081E239 /* QiitaReaderUITests */ = {
			isa = PBXNativeTarget;
			buildConfigurationList = 9C61B3162D585E5E0081E239 /* Build configuration list for PBXNativeTarget "QiitaReaderUITests" */;
			buildPhases = (
				9C61B3022D585E5E0081E239 /* Sources */,
				9C61B3032D585E5E0081E239 /* Frameworks */,
				9C61B3042D585E5E0081E239 /* Resources */,
			);
			buildRules = (
			);
			dependencies = (
				9C61B3082D585E5E0081E239 /* PBXTargetDependency */,
			);
			fileSystemSynchronizedGroups = (
				9C61B3092D585E5E0081E239 /* QiitaReaderUITests */,
			);
			name = QiitaReaderUITests;
			packageProductDependencies = (
			);
			productName = QiitaReaderUITests;
			productReference = 9C61B3062D585E5E0081E239 /* QiitaReaderUITests.xctest */;
			productType = "com.apple.product-type.bundle.ui-testing";
		};
/* End PBXNativeTarget section */

/* Begin PBXProject section */
		9C61B2E42D585E5D0081E239 /* Project object */ = {
			isa = PBXProject;
			attributes = {
				BuildIndependentTargetsInParallel = 1;
				LastSwiftUpdateCheck = 1620;
				LastUpgradeCheck = 1620;
				TargetAttributes = {
					9C61B2EB2D585E5D0081E239 = {
						CreatedOnToolsVersion = 16.2;
					};
					9C61B2FB2D585E5E0081E239 = {
						CreatedOnToolsVersion = 16.2;
						TestTargetID = 9C61B2EB2D585E5D0081E239;
					};
					9C61B3052D585E5E0081E239 = {
						CreatedOnToolsVersion = 16.2;
						TestTargetID = 9C61B2EB2D585E5D0081E239;
					};
				};
			};
			buildConfigurationList = 9C61B2E72D585E5D0081E239 /* Build configuration list for PBXProject "QiitaReader" */;
			developmentRegion = en;
			hasScannedForEncodings = 0;
			knownRegions = (
				en,
				Base,
				ja,
			);
			mainGroup = 9C61B2E32D585E5D0081E239;
			minimizedProjectReferenceProxies = 1;
			preferredProjectObjectVersion = 77;
			productRefGroup = 9C61B2ED2D585E5D0081E239 /* Products */;
			projectDirPath = "";
			projectRoot = "";
			targets = (
				9C61B2EB2D585E5D0081E239 /* QiitaReader */,
				9C61B2FB2D585E5E0081E239 /* QiitaReaderTests */,
				9C61B3052D585E5E0081E239 /* QiitaReaderUITests */,
			);
		};
/* End PBXProject section */

/* Begin PBXResourcesBuildPhase section */
		9C61B2EA2D585E5D0081E239 /* Resources */ = {
			isa = PBXResourcesBuildPhase;
			buildActionMask = 2147483647;
			files = (
				9C1482012E690DE800C711B3 /* Localizable.xcstrings in Resources */,
			);
			runOnlyForDeploymentPostprocessing = 0;
		};
		9C61B2FA2D585E5E0081E239 /* Resources */ = {
			isa = PBXResourcesBuildPhase;
			buildActionMask = 2147483647;
			files = (
			);
			runOnlyForDeploymentPostprocessing = 0;
		};
		9C61B3042D585E5E0081E239 /* Resources */ = {
			isa = PBXResourcesBuildPhase;
			buildActionMask = 2147483647;
			files = (
				9C1482022E690DE800C711B3 /* Localizable.xcstrings in Resources */,
			);
			runOnlyForDeploymentPostprocessing = 0;
		};
/* End PBXResourcesBuildPhase section */

/* Begin PBXSourcesBuildPhase section */
		9C61B2E82D585E5D0081E239 /* Sources */ = {
			isa = PBXSourcesBuildPhase;
			buildActionMask = 2147483647;
			files = (
			);
			runOnlyForDeploymentPostprocessing = 0;
		};
		9C61B2F82D585E5E0081E239 /* Sources */ = {
			isa = PBXSourcesBuildPhase;
			buildActionMask = 2147483647;
			files = (
			);
			runOnlyForDeploymentPostprocessing = 0;
		};
		9C61B3022D585E5E0081E239 /* Sources */ = {
			isa = PBXSourcesBuildPhase;
			buildActionMask = 2147483647;
			files = (
			);
			runOnlyForDeploymentPostprocessing = 0;
		};
/* End PBXSourcesBuildPhase section */

/* Begin PBXTargetDependency section */
		9C61B2FE2D585E5E0081E239 /* PBXTargetDependency */ = {
			isa = PBXTargetDependency;
			target = 9C61B2EB2D585E5D0081E239 /* QiitaReader */;
			targetProxy = 9C61B2FD2D585E5E0081E239 /* PBXContainerItemProxy */;
		};
		9C61B3082D585E5E0081E239 /* PBXTargetDependency */ = {
			isa = PBXTargetDependency;
			target = 9C61B2EB2D585E5D0081E239 /* QiitaReader */;
			targetProxy = 9C61B3072D585E5E0081E239 /* PBXContainerItemProxy */;
		};
/* End PBXTargetDependency section */

/* Begin XCBuildConfiguration section */
		9C61B30E2D585E5E0081E239 /* Debug */ = {
			isa = XCBuildConfiguration;
			buildSettings = {
				ALWAYS_SEARCH_USER_PATHS = NO;
				ASSETCATALOG_COMPILER_GENERATE_SWIFT_ASSET_SYMBOL_EXTENSIONS = YES;
				CLANG_ANALYZER_NONNULL = YES;
				CLANG_ANALYZER_NUMBER_OBJECT_CONVERSION = YES_AGGRESSIVE;
				CLANG_CXX_LANGUAGE_STANDARD = "gnu++20";
				CLANG_ENABLE_MODULES = YES;
				CLANG_ENABLE_OBJC_ARC = YES;
				CLANG_ENABLE_OBJC_WEAK = YES;
				CLANG_WARN_BLOCK_CAPTURE_AUTORELEASING = YES;
				CLANG_WARN_BOOL_CONVERSION = YES;
				CLANG_WARN_COMMA = YES;
				CLANG_WARN_CONSTANT_CONVERSION = YES;
				CLANG_WARN_DEPRECATED_OBJC_IMPLEMENTATIONS = YES;
				CLANG_WARN_DIRECT_OBJC_ISA_USAGE = YES_ERROR;
				CLANG_WARN_DOCUMENTATION_COMMENTS = YES;
				CLANG_WARN_EMPTY_BODY = YES;
				CLANG_WARN_ENUM_CONVERSION = YES;
				CLANG_WARN_INFINITE_RECURSION = YES;
				CLANG_WARN_INT_CONVERSION = YES;
				CLANG_WARN_NON_LITERAL_NULL_CONVERSION = YES;
				CLANG_WARN_OBJC_IMPLICIT_RETAIN_SELF = YES;
				CLANG_WARN_OBJC_LITERAL_CONVERSION = YES;
				CLANG_WARN_OBJC_ROOT_CLASS = YES_ERROR;
				CLANG_WARN_QUOTED_INCLUDE_IN_FRAMEWORK_HEADER = YES;
				CLANG_WARN_RANGE_LOOP_ANALYSIS = YES;
				CLANG_WARN_STRICT_PROTOTYPES = YES;
				CLANG_WARN_SUSPICIOUS_MOVE = YES;
				CLANG_WARN_UNGUARDED_AVAILABILITY = YES_AGGRESSIVE;
				CLANG_WARN_UNREACHABLE_CODE = YES;
				CLANG_WARN__DUPLICATE_METHOD_MATCH = YES;
				COPY_PHASE_STRIP = NO;
				DEBUG_INFORMATION_FORMAT = dwarf;
				ENABLE_STRICT_OBJC_MSGSEND = YES;
				ENABLE_TESTABILITY = YES;
				ENABLE_USER_SCRIPT_SANDBOXING = YES;
				GCC_C_LANGUAGE_STANDARD = gnu17;
				GCC_DYNAMIC_NO_PIC = NO;
				GCC_NO_COMMON_BLOCKS = YES;
				GCC_OPTIMIZATION_LEVEL = 0;
				GCC_PREPROCESSOR_DEFINITIONS = (
					"DEBUG=1",
					"$(inherited)",
				);
				GCC_WARN_64_TO_32_BIT_CONVERSION = YES;
				GCC_WARN_ABOUT_RETURN_TYPE = YES_ERROR;
				GCC_WARN_UNDECLARED_SELECTOR = YES;
				GCC_WARN_UNINITIALIZED_AUTOS = YES_AGGRESSIVE;
				GCC_WARN_UNUSED_FUNCTION = YES;
				GCC_WARN_UNUSED_VARIABLE = YES;
				IPHONEOS_DEPLOYMENT_TARGET = 18.2;
				LOCALIZATION_PREFERS_STRING_CATALOGS = YES;
				MTL_ENABLE_DEBUG_INFO = INCLUDE_SOURCE;
				MTL_FAST_MATH = YES;
				ONLY_ACTIVE_ARCH = YES;
				SDKROOT = iphoneos;
				SWIFT_ACTIVE_COMPILATION_CONDITIONS = "DEBUG $(inherited)";
				SWIFT_EMIT_LOC_STRINGS = YES;
				SWIFT_OPTIMIZATION_LEVEL = "-Onone";
			};
			name = Debug;
		};
		9C61B30F2D585E5E0081E239 /* Release */ = {
			isa = XCBuildConfiguration;
			buildSettings = {
				ALWAYS_SEARCH_USER_PATHS = NO;
				ASSETCATALOG_COMPILER_GENERATE_SWIFT_ASSET_SYMBOL_EXTENSIONS = YES;
				CLANG_ANALYZER_NONNULL = YES;
				CLANG_ANALYZER_NUMBER_OBJECT_CONVERSION = YES_AGGRESSIVE;
				CLANG_CXX_LANGUAGE_STANDARD = "gnu++20";
				CLANG_ENABLE_MODULES = YES;
				CLANG_ENABLE_OBJC_ARC = YES;
				CLANG_ENABLE_OBJC_WEAK = YES;
				CLANG_WARN_BLOCK_CAPTURE_AUTORELEASING = YES;
				CLANG_WARN_BOOL_CONVERSION = YES;
				CLANG_WARN_COMMA = YES;
				CLANG_WARN_CONSTANT_CONVERSION = YES;
				CLANG_WARN_DEPRECATED_OBJC_IMPLEMENTATIONS = YES;
				CLANG_WARN_DIRECT_OBJC_ISA_USAGE = YES_ERROR;
				CLANG_WARN_DOCUMENTATION_COMMENTS = YES;
				CLANG_WARN_EMPTY_BODY = YES;
				CLANG_WARN_ENUM_CONVERSION = YES;
				CLANG_WARN_INFINITE_RECURSION = YES;
				CLANG_WARN_INT_CONVERSION = YES;
				CLANG_WARN_NON_LITERAL_NULL_CONVERSION = YES;
				CLANG_WARN_OBJC_IMPLICIT_RETAIN_SELF = YES;
				CLANG_WARN_OBJC_LITERAL_CONVERSION = YES;
				CLANG_WARN_OBJC_ROOT_CLASS = YES_ERROR;
				CLANG_WARN_QUOTED_INCLUDE_IN_FRAMEWORK_HEADER = YES;
				CLANG_WARN_RANGE_LOOP_ANALYSIS = YES;
				CLANG_WARN_STRICT_PROTOTYPES = YES;
				CLANG_WARN_SUSPICIOUS_MOVE = YES;
				CLANG_WARN_UNGUARDED_AVAILABILITY = YES_AGGRESSIVE;
				CLANG_WARN_UNREACHABLE_CODE = YES;
				CLANG_WARN__DUPLICATE_METHOD_MATCH = YES;
				COPY_PHASE_STRIP = NO;
				DEBUG_INFORMATION_FORMAT = "dwarf-with-dsym";
				ENABLE_NS_ASSERTIONS = NO;
				ENABLE_STRICT_OBJC_MSGSEND = YES;
				ENABLE_USER_SCRIPT_SANDBOXING = YES;
				GCC_C_LANGUAGE_STANDARD = gnu17;
				GCC_NO_COMMON_BLOCKS = YES;
				GCC_WARN_64_TO_32_BIT_CONVERSION = YES;
				GCC_WARN_ABOUT_RETURN_TYPE = YES_ERROR;
				GCC_WARN_UNDECLARED_SELECTOR = YES;
				GCC_WARN_UNINITIALIZED_AUTOS = YES_AGGRESSIVE;
				GCC_WARN_UNUSED_FUNCTION = YES;
				GCC_WARN_UNUSED_VARIABLE = YES;
				IPHONEOS_DEPLOYMENT_TARGET = 18.2;
				LOCALIZATION_PREFERS_STRING_CATALOGS = YES;
				MTL_ENABLE_DEBUG_INFO = NO;
				MTL_FAST_MATH = YES;
				SDKROOT = iphoneos;
				SWIFT_COMPILATION_MODE = wholemodule;
				SWIFT_EMIT_LOC_STRINGS = YES;
				VALIDATE_PRODUCT = YES;
			};
			name = Release;
		};
		9C61B3112D585E5E0081E239 /* Debug */ = {
			isa = XCBuildConfiguration;
			baseConfigurationReferenceAnchor = 9CAE73DC2D85797800F418B8 /* Shared */;
			baseConfigurationReferenceRelativePath = "Config/prod-env.xcconfig";
			buildSettings = {
				ASSETCATALOG_COMPILER_APPICON_NAME = AppIcon;
				ASSETCATALOG_COMPILER_GLOBAL_ACCENT_COLOR_NAME = AccentColor;
				CODE_SIGN_STYLE = Automatic;
				CURRENT_PROJECT_VERSION = 1;
				DEVELOPMENT_ASSET_PATHS = "";
				DEVELOPMENT_TEAM = 2XL9QYTD77;
				ENABLE_PREVIEWS = YES;
				GENERATE_INFOPLIST_FILE = YES;
				INFOPLIST_FILE = $PROJECT_DIR/QiitaReader/Info.plist;
				INFOPLIST_KEY_UIApplicationSceneManifest_Generation = YES;
				INFOPLIST_KEY_UIApplicationSupportsIndirectInputEvents = YES;
				INFOPLIST_KEY_UILaunchScreen_Generation = YES;
				INFOPLIST_KEY_UISupportedInterfaceOrientations_iPad = "UIInterfaceOrientationPortrait UIInterfaceOrientationPortraitUpsideDown UIInterfaceOrientationLandscapeLeft UIInterfaceOrientationLandscapeRight";
				INFOPLIST_KEY_UISupportedInterfaceOrientations_iPhone = "UIInterfaceOrientationPortrait UIInterfaceOrientationLandscapeLeft UIInterfaceOrientationLandscapeRight";
				IPHONEOS_DEPLOYMENT_TARGET = 17.0;
				LD_RUNPATH_SEARCH_PATHS = (
					"$(inherited)",
					"@executable_path/Frameworks",
				);
				MARKETING_VERSION = 1.0;
				PRODUCT_BUNDLE_IDENTIFIER = jp.shusuke.ota.QiitaReader;
				PRODUCT_NAME = "$(TARGET_NAME)";
				SWIFT_EMIT_LOC_STRINGS = YES;
				SWIFT_VERSION = 5.0;
				TARGETED_DEVICE_FAMILY = "1,2";
			};
			name = Debug;
		};
		9C61B3122D585E5E0081E239 /* Release */ = {
			isa = XCBuildConfiguration;
			baseConfigurationReferenceAnchor = 9CAE73DC2D85797800F418B8 /* Shared */;
			baseConfigurationReferenceRelativePath = "Config/prod-env.xcconfig";
			buildSettings = {
				ASSETCATALOG_COMPILER_APPICON_NAME = AppIcon;
				ASSETCATALOG_COMPILER_GLOBAL_ACCENT_COLOR_NAME = AccentColor;
				CODE_SIGN_STYLE = Automatic;
				CURRENT_PROJECT_VERSION = 1;
				DEVELOPMENT_ASSET_PATHS = "";
				DEVELOPMENT_TEAM = 2XL9QYTD77;
				ENABLE_PREVIEWS = YES;
				GENERATE_INFOPLIST_FILE = YES;
				INFOPLIST_FILE = $PROJECT_DIR/QiitaReader/Info.plist;
				INFOPLIST_KEY_UIApplicationSceneManifest_Generation = YES;
				INFOPLIST_KEY_UIApplicationSupportsIndirectInputEvents = YES;
				INFOPLIST_KEY_UILaunchScreen_Generation = YES;
				INFOPLIST_KEY_UISupportedInterfaceOrientations_iPad = "UIInterfaceOrientationPortrait UIInterfaceOrientationPortraitUpsideDown UIInterfaceOrientationLandscapeLeft UIInterfaceOrientationLandscapeRight";
				INFOPLIST_KEY_UISupportedInterfaceOrientations_iPhone = "UIInterfaceOrientationPortrait UIInterfaceOrientationLandscapeLeft UIInterfaceOrientationLandscapeRight";
				IPHONEOS_DEPLOYMENT_TARGET = 17.0;
				LD_RUNPATH_SEARCH_PATHS = (
					"$(inherited)",
					"@executable_path/Frameworks",
				);
				MARKETING_VERSION = 1.0;
				PRODUCT_BUNDLE_IDENTIFIER = jp.shusuke.ota.QiitaReader;
				PRODUCT_NAME = "$(TARGET_NAME)";
				SWIFT_EMIT_LOC_STRINGS = YES;
				SWIFT_VERSION = 5.0;
				TARGETED_DEVICE_FAMILY = "1,2";
			};
			name = Release;
		};
		9C61B3142D585E5E0081E239 /* Debug */ = {
			isa = XCBuildConfiguration;
			buildSettings = {
				BUNDLE_LOADER = "$(TEST_HOST)";
				CODE_SIGN_STYLE = Automatic;
				CURRENT_PROJECT_VERSION = 1;
				DEVELOPMENT_TEAM = 2XL9QYTD77;
				GENERATE_INFOPLIST_FILE = YES;
				IPHONEOS_DEPLOYMENT_TARGET = 17.0;
				MARKETING_VERSION = 1.0;
				PRODUCT_BUNDLE_IDENTIFIER = jp.shusuke.ota.QiitaReaderTests;
				PRODUCT_NAME = "$(TARGET_NAME)";
				SWIFT_EMIT_LOC_STRINGS = NO;
				SWIFT_VERSION = 5.0;
				TARGETED_DEVICE_FAMILY = "1,2";
				TEST_HOST = "$(BUILT_PRODUCTS_DIR)/QiitaReader.app/$(BUNDLE_EXECUTABLE_FOLDER_PATH)/QiitaReader";
			};
			name = Debug;
		};
		9C61B3152D585E5E0081E239 /* Release */ = {
			isa = XCBuildConfiguration;
			buildSettings = {
				BUNDLE_LOADER = "$(TEST_HOST)";
				CODE_SIGN_STYLE = Automatic;
				CURRENT_PROJECT_VERSION = 1;
				DEVELOPMENT_TEAM = 2XL9QYTD77;
				GENERATE_INFOPLIST_FILE = YES;
				IPHONEOS_DEPLOYMENT_TARGET = 17.0;
				MARKETING_VERSION = 1.0;
				PRODUCT_BUNDLE_IDENTIFIER = jp.shusuke.ota.QiitaReaderTests;
				PRODUCT_NAME = "$(TARGET_NAME)";
				SWIFT_EMIT_LOC_STRINGS = NO;
				SWIFT_VERSION = 5.0;
				TARGETED_DEVICE_FAMILY = "1,2";
				TEST_HOST = "$(BUILT_PRODUCTS_DIR)/QiitaReader.app/$(BUNDLE_EXECUTABLE_FOLDER_PATH)/QiitaReader";
			};
			name = Release;
		};
		9C61B3172D585E5E0081E239 /* Debug */ = {
			isa = XCBuildConfiguration;
			buildSettings = {
				CODE_SIGN_STYLE = Automatic;
				CURRENT_PROJECT_VERSION = 1;
				DEVELOPMENT_TEAM = 2XL9QYTD77;
				GENERATE_INFOPLIST_FILE = YES;
				MARKETING_VERSION = 1.0;
				PRODUCT_BUNDLE_IDENTIFIER = jp.shusuke.ota.QiitaReaderUITests;
				PRODUCT_NAME = "$(TARGET_NAME)";
				SWIFT_EMIT_LOC_STRINGS = NO;
				SWIFT_VERSION = 5.0;
				TARGETED_DEVICE_FAMILY = "1,2";
				TEST_TARGET_NAME = QiitaReader;
			};
			name = Debug;
		};
		9C61B3182D585E5E0081E239 /* Release */ = {
			isa = XCBuildConfiguration;
			buildSettings = {
				CODE_SIGN_STYLE = Automatic;
				CURRENT_PROJECT_VERSION = 1;
				DEVELOPMENT_TEAM = 2XL9QYTD77;
				GENERATE_INFOPLIST_FILE = YES;
				MARKETING_VERSION = 1.0;
				PRODUCT_BUNDLE_IDENTIFIER = jp.shusuke.ota.QiitaReaderUITests;
				PRODUCT_NAME = "$(TARGET_NAME)";
				SWIFT_EMIT_LOC_STRINGS = NO;
				SWIFT_VERSION = 5.0;
				TARGETED_DEVICE_FAMILY = "1,2";
				TEST_TARGET_NAME = QiitaReader;
			};
			name = Release;
		};
/* End XCBuildConfiguration section */

/* Begin XCConfigurationList section */
		9C61B2E72D585E5D0081E239 /* Build configuration list for PBXProject "QiitaReader" */ = {
			isa = XCConfigurationList;
			buildConfigurations = (
				9C61B30E2D585E5E0081E239 /* Debug */,
				9C61B30F2D585E5E0081E239 /* Release */,
			);
			defaultConfigurationIsVisible = 0;
			defaultConfigurationName = Release;
		};
		9C61B3102D585E5E0081E239 /* Build configuration list for PBXNativeTarget "QiitaReader" */ = {
			isa = XCConfigurationList;
			buildConfigurations = (
				9C61B3112D585E5E0081E239 /* Debug */,
				9C61B3122D585E5E0081E239 /* Release */,
			);
			defaultConfigurationIsVisible = 0;
			defaultConfigurationName = Release;
		};
		9C61B3132D585E5E0081E239 /* Build configuration list for PBXNativeTarget "QiitaReaderTests" */ = {
			isa = XCConfigurationList;
			buildConfigurations = (
				9C61B3142D585E5E0081E239 /* Debug */,
				9C61B3152D585E5E0081E239 /* Release */,
			);
			defaultConfigurationIsVisible = 0;
			defaultConfigurationName = Release;
		};
		9C61B3162D585E5E0081E239 /* Build configuration list for PBXNativeTarget "QiitaReaderUITests" */ = {
			isa = XCConfigurationList;
			buildConfigurations = (
				9C61B3172D585E5E0081E239 /* Debug */,
				9C61B3182D585E5E0081E239 /* Release */,
			);
			defaultConfigurationIsVisible = 0;
			defaultConfigurationName = Release;
		};
/* End XCConfigurationList section */
	};
	rootObject = 9C61B2E42D585E5D0081E239 /* Project object */;
}
